
Microsoft Visual Studio Solution File, Format Version 12.00
# Visual Studio Version 17
VisualStudioVersion = 17.8.34316.72
MinimumVisualStudioVersion = 10.0.40219.1
Project("{FAE04EC0-301F-11D3-BF4B-00C04F79EFBC}") = "KonyveloIroda", "KonyveloIroda\KonyveloIroda.csproj", "{ACC544D9-04F8-40C8-8890-1CF2065F16FE}"
EndProject
Global
	GlobalSection(SolutionConfigurationPlatforms) = preSolution
		Debug|Any CPU = Debug|Any CPU
		Release|Any CPU = Release|Any CPU
	EndGlobalSection
	GlobalSection(ProjectConfigurationPlatforms) = postSolution
		{ACC544D9-04F8-40C8-8890-1CF2065F16FE}.Debug|Any CPU.ActiveCfg = Debug|Any CPU
		{ACC544D9-04F8-40C8-8890-1CF2065F16FE}.Debug|Any CPU.Build.0 = Debug|Any CPU
		{ACC544D9-04F8-40C8-8890-1CF2065F16FE}.Release|Any CPU.ActiveCfg = Release|Any CPU
		{ACC544D9-04F8-40C8-8890-1CF2065F16FE}.Release|Any CPU.Build.0 = Release|Any CPU
	EndGlobalSection
	GlobalSection(SolutionProperties) = preSolution
		HideSolutionNode = FALSE
	EndGlobalSection
	GlobalSection(ExtensibilityGlobals) = postSolution
		SolutionGuid = {A36F3FD3-F5B6-4DDD-9FD6-6ED5DAD3C24A}
	EndGlobalSection
EndGlobal
